// !$*UTF8*$!
{
	archiveVersion = 1;
	classes = {
	};
	objectVersion = 55;
	objects = {

/* Begin PBXBuildFile section */
		CB972CFE27E26C07005AC0F1 /* LostFoundApp.swift in Sources */ = {isa = PBXBuildFile; fileRef = CB972CFD27E26C07005AC0F1 /* LostFoundApp.swift */; };
		CB972D0227E26C0E005AC0F1 /* Assets.xcassets in Resources */ = {isa = PBXBuildFile; fileRef = CB972D0127E26C0E005AC0F1 /* Assets.xcassets */; };
		CB972D0527E26C0E005AC0F1 /* Preview Assets.xcassets in Resources */ = {isa = PBXBuildFile; fileRef = CB972D0427E26C0E005AC0F1 /* Preview Assets.xcassets */; };
		CB972D0E27E27432005AC0F1 /* AdminAllView.swift in Sources */ = {isa = PBXBuildFile; fileRef = CB972D0D27E27432005AC0F1 /* AdminAllView.swift */; };
		CB9A4A51280F39A0003DF0D0 /* LaunchScreen.storyboard in Resources */ = {isa = PBXBuildFile; fileRef = CB9A4A50280F39A0003DF0D0 /* LaunchScreen.storyboard */; };
		CB9A4A592819CE2E003DF0D0 /* AnimationStart.swift in Sources */ = {isa = PBXBuildFile; fileRef = CB9A4A582819CE2E003DF0D0 /* AnimationStart.swift */; };
		E784FB0927F5561E00E35094 /* FilterView.swift in Sources */ = {isa = PBXBuildFile; fileRef = E784FB0827F5561E00E35094 /* FilterView.swift */; };
		E78FCA82280165B7009A9309 /* EditLostItemView.swift in Sources */ = {isa = PBXBuildFile; fileRef = E78FCA81280165B7009A9309 /* EditLostItemView.swift */; };
		E7E62C6A28342B0000023BFD /* AdminNavBarView.swift in Sources */ = {isa = PBXBuildFile; fileRef = E7E62C6928342B0000023BFD /* AdminNavBarView.swift */; };
		E7E62C6D28342BC100023BFD /* StrokeStyle.swift in Sources */ = {isa = PBXBuildFile; fileRef = E7E62C6C28342BC100023BFD /* StrokeStyle.swift */; };
		E7E62C6F28342BF800023BFD /* AnimatableFontMod.swift in Sources */ = {isa = PBXBuildFile; fileRef = E7E62C6E28342BF800023BFD /* AnimatableFontMod.swift */; };
		E7E62C7128342D2900023BFD /* StudentAllView.swift in Sources */ = {isa = PBXBuildFile; fileRef = E7E62C7028342D2900023BFD /* StudentAllView.swift */; };
		E7E62C73283450A700023BFD /* PreferenceKey.swift in Sources */ = {isa = PBXBuildFile; fileRef = E7E62C72283450A600023BFD /* PreferenceKey.swift */; };
		E7E62C75283484B300023BFD /* Animations.swift in Sources */ = {isa = PBXBuildFile; fileRef = E7E62C74283484B300023BFD /* Animations.swift */; };
		E7E62C7728353C6A00023BFD /* TabView.swift in Sources */ = {isa = PBXBuildFile; fileRef = E7E62C7628353C6A00023BFD /* TabView.swift */; };
		E7E62C7928353CBD00023BFD /* Tab.swift in Sources */ = {isa = PBXBuildFile; fileRef = E7E62C7828353CBD00023BFD /* Tab.swift */; };
		E7E62C7B28353D7800023BFD /* ContentView.swift in Sources */ = {isa = PBXBuildFile; fileRef = E7E62C7A28353D7800023BFD /* ContentView.swift */; };
		E7E62C7D2835468D00023BFD /* StudentNavBarView.swift in Sources */ = {isa = PBXBuildFile; fileRef = E7E62C7C2835468D00023BFD /* StudentNavBarView.swift */; };
		E7E62C7F2835472600023BFD /* StudentItemView.swift in Sources */ = {isa = PBXBuildFile; fileRef = E7E62C7E2835472600023BFD /* StudentItemView.swift */; };
		E7E62C81283568EF00023BFD /* ProfileView.swift in Sources */ = {isa = PBXBuildFile; fileRef = E7E62C80283568EE00023BFD /* ProfileView.swift */; };
		E7E62C8328357CBB00023BFD /* NavBarItemView.swift in Sources */ = {isa = PBXBuildFile; fileRef = E7E62C8228357CBB00023BFD /* NavBarItemView.swift */; };
		E7E62C8528368A5000023BFD /* StudentFeaturedView.swift in Sources */ = {isa = PBXBuildFile; fileRef = E7E62C8428368A5000023BFD /* StudentFeaturedView.swift */; };
		E7E62C872836D19600023BFD /* Category.swift in Sources */ = {isa = PBXBuildFile; fileRef = E7E62C862836D19600023BFD /* Category.swift */; };
		E7FE4B2B27E26D6500B0EE6A /* AdminItemView.swift in Sources */ = {isa = PBXBuildFile; fileRef = E7FE4B2A27E26D6500B0EE6A /* AdminItemView.swift */; };
		E7FE4B2D27E26D8000B0EE6A /* AddLostItemView.swift in Sources */ = {isa = PBXBuildFile; fileRef = E7FE4B2C27E26D8000B0EE6A /* AddLostItemView.swift */; };
		E7FE4B3127E26DF300B0EE6A /* ItemModel.swift in Sources */ = {isa = PBXBuildFile; fileRef = E7FE4B3027E26DF300B0EE6A /* ItemModel.swift */; };
		E7FE4B3327E26DFE00B0EE6A /* Item.swift in Sources */ = {isa = PBXBuildFile; fileRef = E7FE4B3227E26DFE00B0EE6A /* Item.swift */; };
		E7FE4B3527E2763200B0EE6A /* LoginView.swift in Sources */ = {isa = PBXBuildFile; fileRef = E7FE4B3427E2763200B0EE6A /* LoginView.swift */; };
		E7FE4B3827E2D1D000B0EE6A /* ImagePicker.swift in Sources */ = {isa = PBXBuildFile; fileRef = E7FE4B3727E2D1D000B0EE6A /* ImagePicker.swift */; };
		E7FE4B3C27E3C13300B0EE6A /* CloudKit.framework in Frameworks */ = {isa = PBXBuildFile; fileRef = E7FE4B3B27E3C13300B0EE6A /* CloudKit.framework */; };
/* End PBXBuildFile section */

/* Begin PBXFileReference section */
		CB972CFA27E26C07005AC0F1 /* LostFound.app */ = {isa = PBXFileReference; explicitFileType = wrapper.application; includeInIndex = 0; path = LostFound.app; sourceTree = BUILT_PRODUCTS_DIR; };
		CB972CFD27E26C07005AC0F1 /* LostFoundApp.swift */ = {isa = PBXFileReference; lastKnownFileType = sourcecode.swift; path = LostFoundApp.swift; sourceTree = "<group>"; };
		CB972D0127E26C0E005AC0F1 /* Assets.xcassets */ = {isa = PBXFileReference; lastKnownFileType = folder.assetcatalog; path = Assets.xcassets; sourceTree = "<group>"; };
		CB972D0427E26C0E005AC0F1 /* Preview Assets.xcassets */ = {isa = PBXFileReference; lastKnownFileType = folder.assetcatalog; path = "Preview Assets.xcassets"; sourceTree = "<group>"; };
		CB972D0D27E27432005AC0F1 /* AdminAllView.swift */ = {isa = PBXFileReference; lastKnownFileType = sourcecode.swift; path = AdminAllView.swift; sourceTree = "<group>"; };
		CB9A4A50280F39A0003DF0D0 /* LaunchScreen.storyboard */ = {isa = PBXFileReference; lastKnownFileType = file.storyboard; path = LaunchScreen.storyboard; sourceTree = "<group>"; };
		CB9A4A582819CE2E003DF0D0 /* AnimationStart.swift */ = {isa = PBXFileReference; lastKnownFileType = sourcecode.swift; path = AnimationStart.swift; sourceTree = "<group>"; };
		E784FB0827F5561E00E35094 /* FilterView.swift */ = {isa = PBXFileReference; lastKnownFileType = sourcecode.swift; path = FilterView.swift; sourceTree = "<group>"; };
		E78FCA81280165B7009A9309 /* EditLostItemView.swift */ = {isa = PBXFileReference; lastKnownFileType = sourcecode.swift; path = EditLostItemView.swift; sourceTree = "<group>"; };
		E7E62C6928342B0000023BFD /* AdminNavBarView.swift */ = {isa = PBXFileReference; lastKnownFileType = sourcecode.swift; path = AdminNavBarView.swift; sourceTree = "<group>"; };
		E7E62C6C28342BC100023BFD /* StrokeStyle.swift */ = {isa = PBXFileReference; lastKnownFileType = sourcecode.swift; path = StrokeStyle.swift; sourceTree = "<group>"; };
		E7E62C6E28342BF800023BFD /* AnimatableFontMod.swift */ = {isa = PBXFileReference; lastKnownFileType = sourcecode.swift; path = AnimatableFontMod.swift; sourceTree = "<group>"; };
		E7E62C7028342D2900023BFD /* StudentAllView.swift */ = {isa = PBXFileReference; lastKnownFileType = sourcecode.swift; path = StudentAllView.swift; sourceTree = "<group>"; };
		E7E62C72283450A600023BFD /* PreferenceKey.swift */ = {isa = PBXFileReference; lastKnownFileType = sourcecode.swift; path = PreferenceKey.swift; sourceTree = "<group>"; };
		E7E62C74283484B300023BFD /* Animations.swift */ = {isa = PBXFileReference; lastKnownFileType = sourcecode.swift; path = Animations.swift; sourceTree = "<group>"; };
		E7E62C7628353C6A00023BFD /* TabView.swift */ = {isa = PBXFileReference; lastKnownFileType = sourcecode.swift; path = TabView.swift; sourceTree = "<group>"; };
		E7E62C7828353CBD00023BFD /* Tab.swift */ = {isa = PBXFileReference; lastKnownFileType = sourcecode.swift; path = Tab.swift; sourceTree = "<group>"; };
		E7E62C7A28353D7800023BFD /* ContentView.swift */ = {isa = PBXFileReference; lastKnownFileType = sourcecode.swift; path = ContentView.swift; sourceTree = "<group>"; };
		E7E62C7C2835468D00023BFD /* StudentNavBarView.swift */ = {isa = PBXFileReference; lastKnownFileType = sourcecode.swift; path = StudentNavBarView.swift; sourceTree = "<group>"; };
		E7E62C7E2835472600023BFD /* StudentItemView.swift */ = {isa = PBXFileReference; lastKnownFileType = sourcecode.swift; path = StudentItemView.swift; sourceTree = "<group>"; };
		E7E62C80283568EE00023BFD /* ProfileView.swift */ = {isa = PBXFileReference; lastKnownFileType = sourcecode.swift; path = ProfileView.swift; sourceTree = "<group>"; };
		E7E62C8228357CBB00023BFD /* NavBarItemView.swift */ = {isa = PBXFileReference; lastKnownFileType = sourcecode.swift; path = NavBarItemView.swift; sourceTree = "<group>"; };
		E7E62C8428368A5000023BFD /* StudentFeaturedView.swift */ = {isa = PBXFileReference; lastKnownFileType = sourcecode.swift; path = StudentFeaturedView.swift; sourceTree = "<group>"; };
		E7E62C862836D19600023BFD /* Category.swift */ = {isa = PBXFileReference; lastKnownFileType = sourcecode.swift; path = Category.swift; sourceTree = "<group>"; };
		E7FE4B2A27E26D6500B0EE6A /* AdminItemView.swift */ = {isa = PBXFileReference; lastKnownFileType = sourcecode.swift; path = AdminItemView.swift; sourceTree = "<group>"; };
		E7FE4B2C27E26D8000B0EE6A /* AddLostItemView.swift */ = {isa = PBXFileReference; lastKnownFileType = sourcecode.swift; path = AddLostItemView.swift; sourceTree = "<group>"; };
		E7FE4B3027E26DF300B0EE6A /* ItemModel.swift */ = {isa = PBXFileReference; lastKnownFileType = sourcecode.swift; path = ItemModel.swift; sourceTree = "<group>"; };
		E7FE4B3227E26DFE00B0EE6A /* Item.swift */ = {isa = PBXFileReference; lastKnownFileType = sourcecode.swift; path = Item.swift; sourceTree = "<group>"; };
		E7FE4B3427E2763200B0EE6A /* LoginView.swift */ = {isa = PBXFileReference; lastKnownFileType = sourcecode.swift; path = LoginView.swift; sourceTree = "<group>"; };
		E7FE4B3727E2D1D000B0EE6A /* ImagePicker.swift */ = {isa = PBXFileReference; lastKnownFileType = sourcecode.swift; path = ImagePicker.swift; sourceTree = "<group>"; };
		E7FE4B3927E3C0DB00B0EE6A /* LostFound.entitlements */ = {isa = PBXFileReference; lastKnownFileType = text.plist.entitlements; path = LostFound.entitlements; sourceTree = "<group>"; };
		E7FE4B3B27E3C13300B0EE6A /* CloudKit.framework */ = {isa = PBXFileReference; lastKnownFileType = wrapper.framework; name = CloudKit.framework; path = System/Library/Frameworks/CloudKit.framework; sourceTree = SDKROOT; };
/* End PBXFileReference section */

/* Begin PBXFrameworksBuildPhase section */
		CB972CF727E26C07005AC0F1 /* Frameworks */ = {
			isa = PBXFrameworksBuildPhase;
			buildActionMask = 2147483647;
			files = (
				E7FE4B3C27E3C13300B0EE6A /* CloudKit.framework in Frameworks */,
			);
			runOnlyForDeploymentPostprocessing = 0;
		};
/* End PBXFrameworksBuildPhase section */

/* Begin PBXGroup section */
		CB972CF127E26C07005AC0F1 = {
			isa = PBXGroup;
			children = (
				CB972CFC27E26C07005AC0F1 /* LostFound */,
				CB972CFB27E26C07005AC0F1 /* Products */,
				E7FE4B3A27E3C13300B0EE6A /* Frameworks */,
			);
			sourceTree = "<group>";
		};
		CB972CFB27E26C07005AC0F1 /* Products */ = {
			isa = PBXGroup;
			children = (
				CB972CFA27E26C07005AC0F1 /* LostFound.app */,
			);
			name = Products;
			sourceTree = "<group>";
		};
		CB972CFC27E26C07005AC0F1 /* LostFound */ = {
			isa = PBXGroup;
			children = (
				E7FE4B3927E3C0DB00B0EE6A /* LostFound.entitlements */,
				CB972CFD27E26C07005AC0F1 /* LostFoundApp.swift */,
				E7FE4B2927E26D4700B0EE6A /* View */,
				E7FE4B2E27E26D8700B0EE6A /* ViewModel */,
				E7FE4B2F27E26DB400B0EE6A /* Model */,
				E7FE4B3627E2D1BB00B0EE6A /* Image */,
				E7E62C6B28342BB200023BFD /* Style */,
				CB972D0127E26C0E005AC0F1 /* Assets.xcassets */,
				CB972D0327E26C0E005AC0F1 /* Preview Content */,
			);
			path = LostFound;
			sourceTree = "<group>";
		};
		CB972D0327E26C0E005AC0F1 /* Preview Content */ = {
			isa = PBXGroup;
			children = (
				CB972D0427E26C0E005AC0F1 /* Preview Assets.xcassets */,
			);
			path = "Preview Content";
			sourceTree = "<group>";
		};
		E790A05D27F11E9E004C6F86 /* Admin */ = {
			isa = PBXGroup;
			children = (
				CB972D0D27E27432005AC0F1 /* AdminAllView.swift */,
				E7E62C6928342B0000023BFD /* AdminNavBarView.swift */,
				E7FE4B2A27E26D6500B0EE6A /* AdminItemView.swift */,
				E7FE4B2C27E26D8000B0EE6A /* AddLostItemView.swift */,
				E78FCA81280165B7009A9309 /* EditLostItemView.swift */,
			);
			path = Admin;
			sourceTree = "<group>";
		};
		E790A05E27F11EA5004C6F86 /* Student */ = {
			isa = PBXGroup;
			children = (
				E7E62C7028342D2900023BFD /* StudentAllView.swift */,
				E7E62C8428368A5000023BFD /* StudentFeaturedView.swift */,
				E7E62C7C2835468D00023BFD /* StudentNavBarView.swift */,
				E7E62C7E2835472600023BFD /* StudentItemView.swift */,
				E7E62C80283568EE00023BFD /* ProfileView.swift */,
			);
			path = Student;
			sourceTree = "<group>";
		};
		E7E62C6B28342BB200023BFD /* Style */ = {
			isa = PBXGroup;
			children = (
				E7E62C6C28342BC100023BFD /* StrokeStyle.swift */,
				E7E62C6E28342BF800023BFD /* AnimatableFontMod.swift */,
				E7E62C74283484B300023BFD /* Animations.swift */,
			);
			path = Style;
			sourceTree = "<group>";
		};
		E7FE4B2927E26D4700B0EE6A /* View */ = {
			isa = PBXGroup;
			children = (
				CB9A4A50280F39A0003DF0D0 /* LaunchScreen.storyboard */,
				CB9A4A582819CE2E003DF0D0 /* AnimationStart.swift */,
				E7FE4B3427E2763200B0EE6A /* LoginView.swift */,
				E784FB0827F5561E00E35094 /* FilterView.swift */,
				E7E62C8228357CBB00023BFD /* NavBarItemView.swift */,
				E790A05D27F11E9E004C6F86 /* Admin */,
				E790A05E27F11EA5004C6F86 /* Student */,
				E7E62C7628353C6A00023BFD /* TabView.swift */,
				E7E62C7A28353D7800023BFD /* ContentView.swift */,
			);
			path = View;
			sourceTree = "<group>";
		};
		E7FE4B2E27E26D8700B0EE6A /* ViewModel */ = {
			isa = PBXGroup;
			children = (
				E7FE4B3027E26DF300B0EE6A /* ItemModel.swift */,
				E7E62C72283450A600023BFD /* PreferenceKey.swift */,
				E7E62C7828353CBD00023BFD /* Tab.swift */,
			);
			path = ViewModel;
			sourceTree = "<group>";
		};
		E7FE4B2F27E26DB400B0EE6A /* Model */ = {
			isa = PBXGroup;
			children = (
				E7FE4B3227E26DFE00B0EE6A /* Item.swift */,
				E7E62C862836D19600023BFD /* Category.swift */,
			);
			path = Model;
			sourceTree = "<group>";
		};
		E7FE4B3627E2D1BB00B0EE6A /* Image */ = {
			isa = PBXGroup;
			children = (
				E7FE4B3727E2D1D000B0EE6A /* ImagePicker.swift */,
			);
			path = Image;
			sourceTree = "<group>";
		};
		E7FE4B3A27E3C13300B0EE6A /* Frameworks */ = {
			isa = PBXGroup;
			children = (
				E7FE4B3B27E3C13300B0EE6A /* CloudKit.framework */,
			);
			name = Frameworks;
			sourceTree = "<group>";
		};
/* End PBXGroup section */

/* Begin PBXNativeTarget section */
		CB972CF927E26C07005AC0F1 /* LostFound */ = {
			isa = PBXNativeTarget;
			buildConfigurationList = CB972D0827E26C0E005AC0F1 /* Build configuration list for PBXNativeTarget "LostFound" */;
			buildPhases = (
				CB972CF627E26C07005AC0F1 /* Sources */,
				CB972CF727E26C07005AC0F1 /* Frameworks */,
				CB972CF827E26C07005AC0F1 /* Resources */,
			);
			buildRules = (
			);
			dependencies = (
			);
			name = LostFound;
			productName = LostFound;
			productReference = CB972CFA27E26C07005AC0F1 /* LostFound.app */;
			productType = "com.apple.product-type.application";
		};
/* End PBXNativeTarget section */

/* Begin PBXProject section */
		CB972CF227E26C07005AC0F1 /* Project object */ = {
			isa = PBXProject;
			attributes = {
				BuildIndependentTargetsInParallel = 1;
				LastSwiftUpdateCheck = 1320;
				LastUpgradeCheck = 1320;
				TargetAttributes = {
					CB972CF927E26C07005AC0F1 = {
						CreatedOnToolsVersion = 13.2.1;
					};
				};
			};
			buildConfigurationList = CB972CF527E26C07005AC0F1 /* Build configuration list for PBXProject "LostFound" */;
			compatibilityVersion = "Xcode 13.0";
			developmentRegion = en;
			hasScannedForEncodings = 0;
			knownRegions = (
				en,
				Base,
			);
			mainGroup = CB972CF127E26C07005AC0F1;
			productRefGroup = CB972CFB27E26C07005AC0F1 /* Products */;
			projectDirPath = "";
			projectRoot = "";
			targets = (
				CB972CF927E26C07005AC0F1 /* LostFound */,
			);
		};
/* End PBXProject section */

/* Begin PBXResourcesBuildPhase section */
		CB972CF827E26C07005AC0F1 /* Resources */ = {
			isa = PBXResourcesBuildPhase;
			buildActionMask = 2147483647;
			files = (
				CB9A4A51280F39A0003DF0D0 /* LaunchScreen.storyboard in Resources */,
				CB972D0527E26C0E005AC0F1 /* Preview Assets.xcassets in Resources */,
				CB972D0227E26C0E005AC0F1 /* Assets.xcassets in Resources */,
			);
			runOnlyForDeploymentPostprocessing = 0;
		};
/* End PBXResourcesBuildPhase section */

/* Begin PBXSourcesBuildPhase section */
		CB972CF627E26C07005AC0F1 /* Sources */ = {
			isa = PBXSourcesBuildPhase;
			buildActionMask = 2147483647;
			files = (
				E7FE4B3127E26DF300B0EE6A /* ItemModel.swift in Sources */,
				E7E62C81283568EF00023BFD /* ProfileView.swift in Sources */,
				E7FE4B2D27E26D8000B0EE6A /* AddLostItemView.swift in Sources */,
				E7E62C8328357CBB00023BFD /* NavBarItemView.swift in Sources */,
				CB972D0E27E27432005AC0F1 /* AdminAllView.swift in Sources */,
				E7E62C6A28342B0000023BFD /* AdminNavBarView.swift in Sources */,
				CB972CFE27E26C07005AC0F1 /* LostFoundApp.swift in Sources */,
				E784FB0927F5561E00E35094 /* FilterView.swift in Sources */,
				E7E62C6F28342BF800023BFD /* AnimatableFontMod.swift in Sources */,
				E7E62C872836D19600023BFD /* Category.swift in Sources */,
				E7E62C7F2835472600023BFD /* StudentItemView.swift in Sources */,
				E7E62C8528368A5000023BFD /* StudentFeaturedView.swift in Sources */,
				E7E62C73283450A700023BFD /* PreferenceKey.swift in Sources */,
				E7FE4B3327E26DFE00B0EE6A /* Item.swift in Sources */,
				E7E62C7128342D2900023BFD /* StudentAllView.swift in Sources */,
				E7FE4B3827E2D1D000B0EE6A /* ImagePicker.swift in Sources */,
				E7E62C6D28342BC100023BFD /* StrokeStyle.swift in Sources */,
				E7FE4B3527E2763200B0EE6A /* LoginView.swift in Sources */,
				E7E62C75283484B300023BFD /* Animations.swift in Sources */,
				E78FCA82280165B7009A9309 /* EditLostItemView.swift in Sources */,
				CB9A4A592819CE2E003DF0D0 /* AnimationStart.swift in Sources */,
				E7E62C7D2835468D00023BFD /* StudentNavBarView.swift in Sources */,
				E7E62C7728353C6A00023BFD /* TabView.swift in Sources */,
				E7E62C7B28353D7800023BFD /* ContentView.swift in Sources */,
				E7FE4B2B27E26D6500B0EE6A /* AdminItemView.swift in Sources */,
				E7E62C7928353CBD00023BFD /* Tab.swift in Sources */,
			);
			runOnlyForDeploymentPostprocessing = 0;
		};
/* End PBXSourcesBuildPhase section */

/* Begin XCBuildConfiguration section */
		CB972D0627E26C0E005AC0F1 /* Debug */ = {
			isa = XCBuildConfiguration;
			buildSettings = {
				ALWAYS_SEARCH_USER_PATHS = NO;
				CLANG_ANALYZER_NONNULL = YES;
				CLANG_ANALYZER_NUMBER_OBJECT_CONVERSION = YES_AGGRESSIVE;
				CLANG_CXX_LANGUAGE_STANDARD = "gnu++17";
				CLANG_CXX_LIBRARY = "libc++";
				CLANG_ENABLE_MODULES = YES;
				CLANG_ENABLE_OBJC_ARC = YES;
				CLANG_ENABLE_OBJC_WEAK = YES;
				CLANG_WARN_BLOCK_CAPTURE_AUTORELEASING = YES;
				CLANG_WARN_BOOL_CONVERSION = YES;
				CLANG_WARN_COMMA = YES;
				CLANG_WARN_CONSTANT_CONVERSION = YES;
				CLANG_WARN_DEPRECATED_OBJC_IMPLEMENTATIONS = YES;
				CLANG_WARN_DIRECT_OBJC_ISA_USAGE = YES_ERROR;
				CLANG_WARN_DOCUMENTATION_COMMENTS = YES;
				CLANG_WARN_EMPTY_BODY = YES;
				CLANG_WARN_ENUM_CONVERSION = YES;
				CLANG_WARN_INFINITE_RECURSION = YES;
				CLANG_WARN_INT_CONVERSION = YES;
				CLANG_WARN_NON_LITERAL_NULL_CONVERSION = YES;
				CLANG_WARN_OBJC_IMPLICIT_RETAIN_SELF = YES;
				CLANG_WARN_OBJC_LITERAL_CONVERSION = YES;
				CLANG_WARN_OBJC_ROOT_CLASS = YES_ERROR;
				CLANG_WARN_QUOTED_INCLUDE_IN_FRAMEWORK_HEADER = YES;
				CLANG_WARN_RANGE_LOOP_ANALYSIS = YES;
				CLANG_WARN_STRICT_PROTOTYPES = YES;
				CLANG_WARN_SUSPICIOUS_MOVE = YES;
				CLANG_WARN_UNGUARDED_AVAILABILITY = YES_AGGRESSIVE;
				CLANG_WARN_UNREACHABLE_CODE = YES;
				CLANG_WARN__DUPLICATE_METHOD_MATCH = YES;
				COPY_PHASE_STRIP = NO;
				DEBUG_INFORMATION_FORMAT = dwarf;
				ENABLE_STRICT_OBJC_MSGSEND = YES;
				ENABLE_TESTABILITY = YES;
				GCC_C_LANGUAGE_STANDARD = gnu11;
				GCC_DYNAMIC_NO_PIC = NO;
				GCC_NO_COMMON_BLOCKS = YES;
				GCC_OPTIMIZATION_LEVEL = 0;
				GCC_PREPROCESSOR_DEFINITIONS = (
					"DEBUG=1",
					"$(inherited)",
				);
				GCC_WARN_64_TO_32_BIT_CONVERSION = YES;
				GCC_WARN_ABOUT_RETURN_TYPE = YES_ERROR;
				GCC_WARN_UNDECLARED_SELECTOR = YES;
				GCC_WARN_UNINITIALIZED_AUTOS = YES_AGGRESSIVE;
				GCC_WARN_UNUSED_FUNCTION = YES;
				GCC_WARN_UNUSED_VARIABLE = YES;
				IPHONEOS_DEPLOYMENT_TARGET = 15.2;
				MTL_ENABLE_DEBUG_INFO = INCLUDE_SOURCE;
				MTL_FAST_MATH = YES;
				ONLY_ACTIVE_ARCH = YES;
				SDKROOT = iphoneos;
				SWIFT_ACTIVE_COMPILATION_CONDITIONS = DEBUG;
				SWIFT_OPTIMIZATION_LEVEL = "-Onone";
			};
			name = Debug;
		};
		CB972D0727E26C0E005AC0F1 /* Release */ = {
			isa = XCBuildConfiguration;
			buildSettings = {
				ALWAYS_SEARCH_USER_PATHS = NO;
				CLANG_ANALYZER_NONNULL = YES;
				CLANG_ANALYZER_NUMBER_OBJECT_CONVERSION = YES_AGGRESSIVE;
				CLANG_CXX_LANGUAGE_STANDARD = "gnu++17";
				CLANG_CXX_LIBRARY = "libc++";
				CLANG_ENABLE_MODULES = YES;
				CLANG_ENABLE_OBJC_ARC = YES;
				CLANG_ENABLE_OBJC_WEAK = YES;
				CLANG_WARN_BLOCK_CAPTURE_AUTORELEASING = YES;
				CLANG_WARN_BOOL_CONVERSION = YES;
				CLANG_WARN_COMMA = YES;
				CLANG_WARN_CONSTANT_CONVERSION = YES;
				CLANG_WARN_DEPRECATED_OBJC_IMPLEMENTATIONS = YES;
				CLANG_WARN_DIRECT_OBJC_ISA_USAGE = YES_ERROR;
				CLANG_WARN_DOCUMENTATION_COMMENTS = YES;
				CLANG_WARN_EMPTY_BODY = YES;
				CLANG_WARN_ENUM_CONVERSION = YES;
				CLANG_WARN_INFINITE_RECURSION = YES;
				CLANG_WARN_INT_CONVERSION = YES;
				CLANG_WARN_NON_LITERAL_NULL_CONVERSION = YES;
				CLANG_WARN_OBJC_IMPLICIT_RETAIN_SELF = YES;
				CLANG_WARN_OBJC_LITERAL_CONVERSION = YES;
				CLANG_WARN_OBJC_ROOT_CLASS = YES_ERROR;
				CLANG_WARN_QUOTED_INCLUDE_IN_FRAMEWORK_HEADER = YES;
				CLANG_WARN_RANGE_LOOP_ANALYSIS = YES;
				CLANG_WARN_STRICT_PROTOTYPES = YES;
				CLANG_WARN_SUSPICIOUS_MOVE = YES;
				CLANG_WARN_UNGUARDED_AVAILABILITY = YES_AGGRESSIVE;
				CLANG_WARN_UNREACHABLE_CODE = YES;
				CLANG_WARN__DUPLICATE_METHOD_MATCH = YES;
				COPY_PHASE_STRIP = NO;
				DEBUG_INFORMATION_FORMAT = "dwarf-with-dsym";
				ENABLE_NS_ASSERTIONS = NO;
				ENABLE_STRICT_OBJC_MSGSEND = YES;
				GCC_C_LANGUAGE_STANDARD = gnu11;
				GCC_NO_COMMON_BLOCKS = YES;
				GCC_WARN_64_TO_32_BIT_CONVERSION = YES;
				GCC_WARN_ABOUT_RETURN_TYPE = YES_ERROR;
				GCC_WARN_UNDECLARED_SELECTOR = YES;
				GCC_WARN_UNINITIALIZED_AUTOS = YES_AGGRESSIVE;
				GCC_WARN_UNUSED_FUNCTION = YES;
				GCC_WARN_UNUSED_VARIABLE = YES;
				IPHONEOS_DEPLOYMENT_TARGET = 15.2;
				MTL_ENABLE_DEBUG_INFO = NO;
				MTL_FAST_MATH = YES;
				SDKROOT = iphoneos;
				SWIFT_COMPILATION_MODE = wholemodule;
				SWIFT_OPTIMIZATION_LEVEL = "-O";
				VALIDATE_PRODUCT = YES;
			};
			name = Release;
		};
		CB972D0927E26C0E005AC0F1 /* Debug */ = {
			isa = XCBuildConfiguration;
			buildSettings = {
				ASSETCATALOG_COMPILER_APPICON_NAME = AppIcon;
				ASSETCATALOG_COMPILER_GLOBAL_ACCENT_COLOR_NAME = AccentColor;
				CODE_SIGN_ENTITLEMENTS = LostFound/LostFound.entitlements;
				CODE_SIGN_STYLE = Automatic;
				CURRENT_PROJECT_VERSION = 1;
				DEVELOPMENT_ASSET_PATHS = "\"LostFound/Preview Content\"";
				DEVELOPMENT_TEAM = 883DK65VTV;
				ENABLE_PREVIEWS = YES;
				GENERATE_INFOPLIST_FILE = YES;
				INFOPLIST_KEY_NSCameraUsageDescription = "Allow Access to Camera";
				INFOPLIST_KEY_NSPhotoLibraryUsageDescription = "Allow Access to Photo Library";
				INFOPLIST_KEY_UIApplicationSceneManifest_Generation = YES;
				INFOPLIST_KEY_UIApplicationSupportsIndirectInputEvents = YES;
				INFOPLIST_KEY_UILaunchScreen_Generation = YES;
				INFOPLIST_KEY_UILaunchStoryboardName = LaunchScreen;
				INFOPLIST_KEY_UISupportedInterfaceOrientations = UIInterfaceOrientationPortrait;
				INFOPLIST_KEY_UISupportedInterfaceOrientations_iPad = UIInterfaceOrientationPortrait;
				INFOPLIST_KEY_UISupportedInterfaceOrientations_iPhone = "UIInterfaceOrientationPortrait UIInterfaceOrientationLandscapeRight UIInterfaceOrientationLandscapeLeft UIInterfaceOrientationPortraitUpsideDown";
				IPHONEOS_DEPLOYMENT_TARGET = 15.2;
				LD_RUNPATH_SEARCH_PATHS = (
					"$(inherited)",
					"@executable_path/Frameworks",
				);
				MARKETING_VERSION = 0.1;
				PRODUCT_BUNDLE_IDENTIFIER = ephs2022.lostfound;
				PRODUCT_NAME = "$(TARGET_NAME)";
				SWIFT_EMIT_LOC_STRINGS = YES;
				SWIFT_VERSION = 5.0;
				TARGETED_DEVICE_FAMILY = 1;
			};
			name = Debug;
		};
		CB972D0A27E26C0E005AC0F1 /* Release */ = {
			isa = XCBuildConfiguration;
			buildSettings = {
				ASSETCATALOG_COMPILER_APPICON_NAME = AppIcon;
				ASSETCATALOG_COMPILER_GLOBAL_ACCENT_COLOR_NAME = AccentColor;
				CODE_SIGN_ENTITLEMENTS = LostFound/LostFound.entitlements;
				CODE_SIGN_STYLE = Automatic;
				CURRENT_PROJECT_VERSION = 1;
				DEVELOPMENT_ASSET_PATHS = "\"LostFound/Preview Content\"";
				DEVELOPMENT_TEAM = 883DK65VTV;
				ENABLE_PREVIEWS = YES;
				GENERATE_INFOPLIST_FILE = YES;
				INFOPLIST_KEY_NSCameraUsageDescription = "Allow Access to Camera";
				INFOPLIST_KEY_NSPhotoLibraryUsageDescription = "Allow Access to Photo Library";
				INFOPLIST_KEY_UIApplicationSceneManifest_Generation = YES;
				INFOPLIST_KEY_UIApplicationSupportsIndirectInputEvents = YES;
				INFOPLIST_KEY_UILaunchScreen_Generation = YES;
				INFOPLIST_KEY_UILaunchStoryboardName = LaunchScreen;
				INFOPLIST_KEY_UISupportedInterfaceOrientations = UIInterfaceOrientationPortrait;
				INFOPLIST_KEY_UISupportedInterfaceOrientations_iPad = UIInterfaceOrientationPortrait;
				INFOPLIST_KEY_UISupportedInterfaceOrientations_iPhone = "UIInterfaceOrientationPortrait UIInterfaceOrientationLandscapeRight UIInterfaceOrientationLandscapeLeft UIInterfaceOrientationPortraitUpsideDown";
				IPHONEOS_DEPLOYMENT_TARGET = 15.2;
				LD_RUNPATH_SEARCH_PATHS = (
					"$(inherited)",
					"@executable_path/Frameworks",
				);
				MARKETING_VERSION = 0.1;
				PRODUCT_BUNDLE_IDENTIFIER = ephs2022.lostfound;
				PRODUCT_NAME = "$(TARGET_NAME)";
				SWIFT_EMIT_LOC_STRINGS = YES;
				SWIFT_VERSION = 5.0;
				TARGETED_DEVICE_FAMILY = 1;
			};
			name = Release;
		};
/* End XCBuildConfiguration section */

/* Begin XCConfigurationList section */
		CB972CF527E26C07005AC0F1 /* Build configuration list for PBXProject "LostFound" */ = {
			isa = XCConfigurationList;
			buildConfigurations = (
				CB972D0627E26C0E005AC0F1 /* Debug */,
				CB972D0727E26C0E005AC0F1 /* Release */,
			);
			defaultConfigurationIsVisible = 0;
			defaultConfigurationName = Release;
		};
		CB972D0827E26C0E005AC0F1 /* Build configuration list for PBXNativeTarget "LostFound" */ = {
			isa = XCConfigurationList;
			buildConfigurations = (
				CB972D0927E26C0E005AC0F1 /* Debug */,
				CB972D0A27E26C0E005AC0F1 /* Release */,
			);
			defaultConfigurationIsVisible = 0;
			defaultConfigurationName = Release;
		};
/* End XCConfigurationList section */
	};
	rootObject = CB972CF227E26C07005AC0F1 /* Project object */;
}
