// !$*UTF8*$!
{
	archiveVersion = 1;
	classes = {
	};
	objectVersion = 55;
	objects = {

/* Begin PBXBuildFile section */
		CB972CFE27E26C07005AC0F1 /* LostFoundApp.swift in Sources */ = {isa = PBXBuildFile; fileRef = CB972CFD27E26C07005AC0F1 /* LostFoundApp.swift */; };
		CB972D0027E26C07005AC0F1 /* ContentView.swift in Sources */ = {isa = PBXBuildFile; fileRef = CB972CFF27E26C07005AC0F1 /* ContentView.swift */; };
		CB972D0227E26C0E005AC0F1 /* Assets.xcassets in Resources */ = {isa = PBXBuildFile; fileRef = CB972D0127E26C0E005AC0F1 /* Assets.xcassets */; };
		CB972D0527E26C0E005AC0F1 /* Preview Assets.xcassets in Resources */ = {isa = PBXBuildFile; fileRef = CB972D0427E26C0E005AC0F1 /* Preview Assets.xcassets */; };
		CB972D0E27E27432005AC0F1 /* AllLostItemsView.swift in Sources */ = {isa = PBXBuildFile; fileRef = CB972D0D27E27432005AC0F1 /* AllLostItemsView.swift */; };
		E7FE4B2B27E26D6500B0EE6A /* IndividualItemView.swift in Sources */ = {isa = PBXBuildFile; fileRef = E7FE4B2A27E26D6500B0EE6A /* IndividualItemView.swift */; };
		E7FE4B2D27E26D8000B0EE6A /* AddLostItemView.swift in Sources */ = {isa = PBXBuildFile; fileRef = E7FE4B2C27E26D8000B0EE6A /* AddLostItemView.swift */; };
		E7FE4B3127E26DF300B0EE6A /* ItemModel.swift in Sources */ = {isa = PBXBuildFile; fileRef = E7FE4B3027E26DF300B0EE6A /* ItemModel.swift */; };
		E7FE4B3327E26DFE00B0EE6A /* Item.swift in Sources */ = {isa = PBXBuildFile; fileRef = E7FE4B3227E26DFE00B0EE6A /* Item.swift */; };
/* End PBXBuildFile section */

/* Begin PBXFileReference section */
		CB972CFA27E26C07005AC0F1 /* LostFound.app */ = {isa = PBXFileReference; explicitFileType = wrapper.application; includeInIndex = 0; path = LostFound.app; sourceTree = BUILT_PRODUCTS_DIR; };
		CB972CFD27E26C07005AC0F1 /* LostFoundApp.swift */ = {isa = PBXFileReference; lastKnownFileType = sourcecode.swift; path = LostFoundApp.swift; sourceTree = "<group>"; };
		CB972CFF27E26C07005AC0F1 /* ContentView.swift */ = {isa = PBXFileReference; lastKnownFileType = sourcecode.swift; path = ContentView.swift; sourceTree = "<group>"; };
		CB972D0127E26C0E005AC0F1 /* Assets.xcassets */ = {isa = PBXFileReference; lastKnownFileType = folder.assetcatalog; path = Assets.xcassets; sourceTree = "<group>"; };
		CB972D0427E26C0E005AC0F1 /* Preview Assets.xcassets */ = {isa = PBXFileReference; lastKnownFileType = folder.assetcatalog; path = "Preview Assets.xcassets"; sourceTree = "<group>"; };
		CB972D0D27E27432005AC0F1 /* AllLostItemsView.swift */ = {isa = PBXFileReference; lastKnownFileType = sourcecode.swift; path = AllLostItemsView.swift; sourceTree = "<group>"; };
		E7FE4B2A27E26D6500B0EE6A /* IndividualItemView.swift */ = {isa = PBXFileReference; lastKnownFileType = sourcecode.swift; path = IndividualItemView.swift; sourceTree = "<group>"; };
		E7FE4B2C27E26D8000B0EE6A /* AddLostItemView.swift */ = {isa = PBXFileReference; lastKnownFileType = sourcecode.swift; path = AddLostItemView.swift; sourceTree = "<group>"; };
		E7FE4B3027E26DF300B0EE6A /* ItemModel.swift */ = {isa = PBXFileReference; lastKnownFileType = sourcecode.swift; path = ItemModel.swift; sourceTree = "<group>"; };
		E7FE4B3227E26DFE00B0EE6A /* Item.swift */ = {isa = PBXFileReference; lastKnownFileType = sourcecode.swift; path = Item.swift; sourceTree = "<group>"; };
/* End PBXFileReference section */

/* Begin PBXFrameworksBuildPhase section */
		CB972CF727E26C07005AC0F1 /* Frameworks */ = {
			isa = PBXFrameworksBuildPhase;
			buildActionMask = 2147483647;
			files = (
			);
			runOnlyForDeploymentPostprocessing = 0;
		};
/* End PBXFrameworksBuildPhase section */

/* Begin PBXGroup section */
		CB972CF127E26C07005AC0F1 = {
			isa = PBXGroup;
			children = (
				CB972CFC27E26C07005AC0F1 /* LostFound */,
				CB972CFB27E26C07005AC0F1 /* Products */,
			);
			sourceTree = "<group>";
		};
		CB972CFB27E26C07005AC0F1 /* Products */ = {
			isa = PBXGroup;
			children = (
				CB972CFA27E26C07005AC0F1 /* LostFound.app */,
			);
			name = Products;
			sourceTree = "<group>";
		};
		CB972CFC27E26C07005AC0F1 /* LostFound */ = {
			isa = PBXGroup;
			children = (
				CB972CFD27E26C07005AC0F1 /* LostFoundApp.swift */,
				E7FE4B2927E26D4700B0EE6A /* View */,
				E7FE4B2E27E26D8700B0EE6A /* ViewModel */,
				E7FE4B2F27E26DB400B0EE6A /* Model */,
				CB972D0127E26C0E005AC0F1 /* Assets.xcassets */,
				CB972D0327E26C0E005AC0F1 /* Preview Content */,
			);
			path = LostFound;
			sourceTree = "<group>";
		};
		CB972D0327E26C0E005AC0F1 /* Preview Content */ = {
			isa = PBXGroup;
			children = (
				CB972D0427E26C0E005AC0F1 /* Preview Assets.xcassets */,
			);
			path = "Preview Content";
			sourceTree = "<group>";
		};
		E7FE4B2927E26D4700B0EE6A /* View */ = {
			isa = PBXGroup;
			children = (
				CB972CFF27E26C07005AC0F1 /* ContentView.swift */,
				E7FE4B2A27E26D6500B0EE6A /* IndividualItemView.swift */,
				E7FE4B2C27E26D8000B0EE6A /* AddLostItemView.swift */,
				CB972D0D27E27432005AC0F1 /* AllLostItemsView.swift */,
			);
			path = View;
			sourceTree = "<group>";
		};
		E7FE4B2E27E26D8700B0EE6A /* ViewModel */ = {
			isa = PBXGroup;
			children = (
				E7FE4B3027E26DF300B0EE6A /* ItemModel.swift */,
			);
			path = ViewModel;
			sourceTree = "<group>";
		};
		E7FE4B2F27E26DB400B0EE6A /* Model */ = {
			isa = PBXGroup;
			children = (
				E7FE4B3227E26DFE00B0EE6A /* Item.swift */,
			);
			path = Model;
			sourceTree = "<group>";
		};
/* End PBXGroup section */

/* Begin PBXNativeTarget section */
		CB972CF927E26C07005AC0F1 /* LostFound */ = {
			isa = PBXNativeTarget;
			buildConfigurationList = CB972D0827E26C0E005AC0F1 /* Build configuration list for PBXNativeTarget "LostFound" */;
			buildPhases = (
				CB972CF627E26C07005AC0F1 /* Sources */,
				CB972CF727E26C07005AC0F1 /* Frameworks */,
				CB972CF827E26C07005AC0F1 /* Resources */,
			);
			buildRules = (
			);
			dependencies = (
			);
			name = LostFound;
			productName = LostFound;
			productReference = CB972CFA27E26C07005AC0F1 /* LostFound.app */;
			productType = "com.apple.product-type.application";
		};
/* End PBXNativeTarget section */

/* Begin PBXProject section */
		CB972CF227E26C07005AC0F1 /* Project object */ = {
			isa = PBXProject;
			attributes = {
				BuildIndependentTargetsInParallel = 1;
				LastSwiftUpdateCheck = 1320;
				LastUpgradeCheck = 1320;
				TargetAttributes = {
					CB972CF927E26C07005AC0F1 = {
						CreatedOnToolsVersion = 13.2.1;
					};
				};
			};
			buildConfigurationList = CB972CF527E26C07005AC0F1 /* Build configuration list for PBXProject "LostFound" */;
			compatibilityVersion = "Xcode 13.0";
			developmentRegion = en;
			hasScannedForEncodings = 0;
			knownRegions = (
				en,
				Base,
			);
			mainGroup = CB972CF127E26C07005AC0F1;
			productRefGroup = CB972CFB27E26C07005AC0F1 /* Products */;
			projectDirPath = "";
			projectRoot = "";
			targets = (
				CB972CF927E26C07005AC0F1 /* LostFound */,
			);
		};
/* End PBXProject section */

/* Begin PBXResourcesBuildPhase section */
		CB972CF827E26C07005AC0F1 /* Resources */ = {
			isa = PBXResourcesBuildPhase;
			buildActionMask = 2147483647;
			files = (
				CB972D0527E26C0E005AC0F1 /* Preview Assets.xcassets in Resources */,
				CB972D0227E26C0E005AC0F1 /* Assets.xcassets in Resources */,
			);
			runOnlyForDeploymentPostprocessing = 0;
		};
/* End PBXResourcesBuildPhase section */

/* Begin PBXSourcesBuildPhase section */
		CB972CF627E26C07005AC0F1 /* Sources */ = {
			isa = PBXSourcesBuildPhase;
			buildActionMask = 2147483647;
			files = (
				E7FE4B3127E26DF300B0EE6A /* ItemModel.swift in Sources */,
				CB972D0027E26C07005AC0F1 /* ContentView.swift in Sources */,
				E7FE4B2D27E26D8000B0EE6A /* AddLostItemView.swift in Sources */,
				CB972D0E27E27432005AC0F1 /* AllLostItemsView.swift in Sources */,
				CB972CFE27E26C07005AC0F1 /* LostFoundApp.swift in Sources */,
				E7FE4B3327E26DFE00B0EE6A /* Item.swift in Sources */,
				E7FE4B2B27E26D6500B0EE6A /* IndividualItemView.swift in Sources */,
			);
			runOnlyForDeploymentPostprocessing = 0;
		};
/* End PBXSourcesBuildPhase section */

/* Begin XCBuildConfiguration section */
		CB972D0627E26C0E005AC0F1 /* Debug */ = {
			isa = XCBuildConfiguration;
			buildSettings = {
				ALWAYS_SEARCH_USER_PATHS = NO;
				CLANG_ANALYZER_NONNULL = YES;
				CLANG_ANALYZER_NUMBER_OBJECT_CONVERSION = YES_AGGRESSIVE;
				CLANG_CXX_LANGUAGE_STANDARD = "gnu++17";
				CLANG_CXX_LIBRARY = "libc++";
				CLANG_ENABLE_MODULES = YES;
				CLANG_ENABLE_OBJC_ARC = YES;
				CLANG_ENABLE_OBJC_WEAK = YES;
				CLANG_WARN_BLOCK_CAPTURE_AUTORELEASING = YES;
				CLANG_WARN_BOOL_CONVERSION = YES;
				CLANG_WARN_COMMA = YES;
				CLANG_WARN_CONSTANT_CONVERSION = YES;
				CLANG_WARN_DEPRECATED_OBJC_IMPLEMENTATIONS = YES;
				CLANG_WARN_DIRECT_OBJC_ISA_USAGE = YES_ERROR;
				CLANG_WARN_DOCUMENTATION_COMMENTS = YES;
				CLANG_WARN_EMPTY_BODY = YES;
				CLANG_WARN_ENUM_CONVERSION = YES;
				CLANG_WARN_INFINITE_RECURSION = YES;
				CLANG_WARN_INT_CONVERSION = YES;
				CLANG_WARN_NON_LITERAL_NULL_CONVERSION = YES;
				CLANG_WARN_OBJC_IMPLICIT_RETAIN_SELF = YES;
				CLANG_WARN_OBJC_LITERAL_CONVERSION = YES;
				CLANG_WARN_OBJC_ROOT_CLASS = YES_ERROR;
				CLANG_WARN_QUOTED_INCLUDE_IN_FRAMEWORK_HEADER = YES;
				CLANG_WARN_RANGE_LOOP_ANALYSIS = YES;
				CLANG_WARN_STRICT_PROTOTYPES = YES;
				CLANG_WARN_SUSPICIOUS_MOVE = YES;
				CLANG_WARN_UNGUARDED_AVAILABILITY = YES_AGGRESSIVE;
				CLANG_WARN_UNREACHABLE_CODE = YES;
				CLANG_WARN__DUPLICATE_METHOD_MATCH = YES;
				COPY_PHASE_STRIP = NO;
				DEBUG_INFORMATION_FORMAT = dwarf;
				ENABLE_STRICT_OBJC_MSGSEND = YES;
				ENABLE_TESTABILITY = YES;
				GCC_C_LANGUAGE_STANDARD = gnu11;
				GCC_DYNAMIC_NO_PIC = NO;
				GCC_NO_COMMON_BLOCKS = YES;
				GCC_OPTIMIZATION_LEVEL = 0;
				GCC_PREPROCESSOR_DEFINITIONS = (
					"DEBUG=1",
					"$(inherited)",
				);
				GCC_WARN_64_TO_32_BIT_CONVERSION = YES;
				GCC_WARN_ABOUT_RETURN_TYPE = YES_ERROR;
				GCC_WARN_UNDECLARED_SELECTOR = YES;
				GCC_WARN_UNINITIALIZED_AUTOS = YES_AGGRESSIVE;
				GCC_WARN_UNUSED_FUNCTION = YES;
				GCC_WARN_UNUSED_VARIABLE = YES;
				IPHONEOS_DEPLOYMENT_TARGET = 15.2;
				MTL_ENABLE_DEBUG_INFO = INCLUDE_SOURCE;
				MTL_FAST_MATH = YES;
				ONLY_ACTIVE_ARCH = YES;
				SDKROOT = iphoneos;
				SWIFT_ACTIVE_COMPILATION_CONDITIONS = DEBUG;
				SWIFT_OPTIMIZATION_LEVEL = "-Onone";
			};
			name = Debug;
		};
		CB972D0727E26C0E005AC0F1 /* Release */ = {
			isa = XCBuildConfiguration;
			buildSettings = {
				ALWAYS_SEARCH_USER_PATHS = NO;
				CLANG_ANALYZER_NONNULL = YES;
				CLANG_ANALYZER_NUMBER_OBJECT_CONVERSION = YES_AGGRESSIVE;
				CLANG_CXX_LANGUAGE_STANDARD = "gnu++17";
				CLANG_CXX_LIBRARY = "libc++";
				CLANG_ENABLE_MODULES = YES;
				CLANG_ENABLE_OBJC_ARC = YES;
				CLANG_ENABLE_OBJC_WEAK = YES;
				CLANG_WARN_BLOCK_CAPTURE_AUTORELEASING = YES;
				CLANG_WARN_BOOL_CONVERSION = YES;
				CLANG_WARN_COMMA = YES;
				CLANG_WARN_CONSTANT_CONVERSION = YES;
				CLANG_WARN_DEPRECATED_OBJC_IMPLEMENTATIONS = YES;
				CLANG_WARN_DIRECT_OBJC_ISA_USAGE = YES_ERROR;
				CLANG_WARN_DOCUMENTATION_COMMENTS = YES;
				CLANG_WARN_EMPTY_BODY = YES;
				CLANG_WARN_ENUM_CONVERSION = YES;
				CLANG_WARN_INFINITE_RECURSION = YES;
				CLANG_WARN_INT_CONVERSION = YES;
				CLANG_WARN_NON_LITERAL_NULL_CONVERSION = YES;
				CLANG_WARN_OBJC_IMPLICIT_RETAIN_SELF = YES;
				CLANG_WARN_OBJC_LITERAL_CONVERSION = YES;
				CLANG_WARN_OBJC_ROOT_CLASS = YES_ERROR;
				CLANG_WARN_QUOTED_INCLUDE_IN_FRAMEWORK_HEADER = YES;
				CLANG_WARN_RANGE_LOOP_ANALYSIS = YES;
				CLANG_WARN_STRICT_PROTOTYPES = YES;
				CLANG_WARN_SUSPICIOUS_MOVE = YES;
				CLANG_WARN_UNGUARDED_AVAILABILITY = YES_AGGRESSIVE;
				CLANG_WARN_UNREACHABLE_CODE = YES;
				CLANG_WARN__DUPLICATE_METHOD_MATCH = YES;
				COPY_PHASE_STRIP = NO;
				DEBUG_INFORMATION_FORMAT = "dwarf-with-dsym";
				ENABLE_NS_ASSERTIONS = NO;
				ENABLE_STRICT_OBJC_MSGSEND = YES;
				GCC_C_LANGUAGE_STANDARD = gnu11;
				GCC_NO_COMMON_BLOCKS = YES;
				GCC_WARN_64_TO_32_BIT_CONVERSION = YES;
				GCC_WARN_ABOUT_RETURN_TYPE = YES_ERROR;
				GCC_WARN_UNDECLARED_SELECTOR = YES;
				GCC_WARN_UNINITIALIZED_AUTOS = YES_AGGRESSIVE;
				GCC_WARN_UNUSED_FUNCTION = YES;
				GCC_WARN_UNUSED_VARIABLE = YES;
				IPHONEOS_DEPLOYMENT_TARGET = 15.2;
				MTL_ENABLE_DEBUG_INFO = NO;
				MTL_FAST_MATH = YES;
				SDKROOT = iphoneos;
				SWIFT_COMPILATION_MODE = wholemodule;
				SWIFT_OPTIMIZATION_LEVEL = "-O";
				VALIDATE_PRODUCT = YES;
			};
			name = Release;
		};
		CB972D0927E26C0E005AC0F1 /* Debug */ = {
			isa = XCBuildConfiguration;
			buildSettings = {
				ASSETCATALOG_COMPILER_APPICON_NAME = AppIcon;
				ASSETCATALOG_COMPILER_GLOBAL_ACCENT_COLOR_NAME = AccentColor;
				CODE_SIGN_STYLE = Automatic;
				CURRENT_PROJECT_VERSION = 1;
				DEVELOPMENT_ASSET_PATHS = "\"LostFound/Preview Content\"";
				DEVELOPMENT_TEAM = 8N476777C3;
				ENABLE_PREVIEWS = YES;
				GENERATE_INFOPLIST_FILE = YES;
				INFOPLIST_KEY_UIApplicationSceneManifest_Generation = YES;
				INFOPLIST_KEY_UIApplicationSupportsIndirectInputEvents = YES;
				INFOPLIST_KEY_UILaunchScreen_Generation = YES;
				INFOPLIST_KEY_UISupportedInterfaceOrientations_iPad = "UIInterfaceOrientationPortrait UIInterfaceOrientationPortraitUpsideDown UIInterfaceOrientationLandscapeLeft UIInterfaceOrientationLandscapeRight";
				INFOPLIST_KEY_UISupportedInterfaceOrientations_iPhone = "UIInterfaceOrientationPortrait UIInterfaceOrientationLandscapeLeft UIInterfaceOrientationLandscapeRight";
				LD_RUNPATH_SEARCH_PATHS = (
					"$(inherited)",
					"@executable_path/Frameworks",
				);
				MARKETING_VERSION = 1.0;
				PRODUCT_BUNDLE_IDENTIFIER = ephs222.LostFound;
				PRODUCT_NAME = "$(TARGET_NAME)";
				SWIFT_EMIT_LOC_STRINGS = YES;
				SWIFT_VERSION = 5.0;
				TARGETED_DEVICE_FAMILY = "1,2";
			};
			name = Debug;
		};
		CB972D0A27E26C0E005AC0F1 /* Release */ = {
			isa = XCBuildConfiguration;
			buildSettings = {
				ASSETCATALOG_COMPILER_APPICON_NAME = AppIcon;
				ASSETCATALOG_COMPILER_GLOBAL_ACCENT_COLOR_NAME = AccentColor;
				CODE_SIGN_STYLE = Automatic;
				CURRENT_PROJECT_VERSION = 1;
				DEVELOPMENT_ASSET_PATHS = "\"LostFound/Preview Content\"";
				DEVELOPMENT_TEAM = 8N476777C3;
				ENABLE_PREVIEWS = YES;
				GENERATE_INFOPLIST_FILE = YES;
				INFOPLIST_KEY_UIApplicationSceneManifest_Generation = YES;
				INFOPLIST_KEY_UIApplicationSupportsIndirectInputEvents = YES;
				INFOPLIST_KEY_UILaunchScreen_Generation = YES;
				INFOPLIST_KEY_UISupportedInterfaceOrientations_iPad = "UIInterfaceOrientationPortrait UIInterfaceOrientationPortraitUpsideDown UIInterfaceOrientationLandscapeLeft UIInterfaceOrientationLandscapeRight";
				INFOPLIST_KEY_UISupportedInterfaceOrientations_iPhone = "UIInterfaceOrientationPortrait UIInterfaceOrientationLandscapeLeft UIInterfaceOrientationLandscapeRight";
				LD_RUNPATH_SEARCH_PATHS = (
					"$(inherited)",
					"@executable_path/Frameworks",
				);
				MARKETING_VERSION = 1.0;
				PRODUCT_BUNDLE_IDENTIFIER = ephs222.LostFound;
				PRODUCT_NAME = "$(TARGET_NAME)";
				SWIFT_EMIT_LOC_STRINGS = YES;
				SWIFT_VERSION = 5.0;
				TARGETED_DEVICE_FAMILY = "1,2";
			};
			name = Release;
		};
/* End XCBuildConfiguration section */

/* Begin XCConfigurationList section */
		CB972CF527E26C07005AC0F1 /* Build configuration list for PBXProject "LostFound" */ = {
			isa = XCConfigurationList;
			buildConfigurations = (
				CB972D0627E26C0E005AC0F1 /* Debug */,
				CB972D0727E26C0E005AC0F1 /* Release */,
			);
			defaultConfigurationIsVisible = 0;
			defaultConfigurationName = Release;
		};
		CB972D0827E26C0E005AC0F1 /* Build configuration list for PBXNativeTarget "LostFound" */ = {
			isa = XCConfigurationList;
			buildConfigurations = (
				CB972D0927E26C0E005AC0F1 /* Debug */,
				CB972D0A27E26C0E005AC0F1 /* Release */,
			);
			defaultConfigurationIsVisible = 0;
			defaultConfigurationName = Release;
		};
/* End XCConfigurationList section */
	};
	rootObject = CB972CF227E26C07005AC0F1 /* Project object */;
}
